
Microsoft Visual Studio Solution File, Format Version 12.00
# Visual Studio 15
VisualStudioVersion = 15.0.27130.2027
MinimumVisualStudioVersion = 10.0.40219.1
Project("{9A19103F-16F7-4668-BE54-9A1E7A4F7556}") = "0xServices.Web", "src\0xServices.Web\0xServices.Web.csproj", "{E6A5CD8E-D5B9-4A7C-905E-8BD2D6D885D7}"
EndProject
Project("{2150E333-8FDC-42A3-9474-1A3956D46DE8}") = "Ethereum", "Ethereum", "{A8E31A80-1583-49C5-A0E1-A8DEFA80ABE3}"
EndProject
Project("{2150E333-8FDC-42A3-9474-1A3956D46DE8}") = "Contracts", "Contracts", "{3BE6F9AC-E15D-46D1-8E18-F296F1E2EC94}"
	ProjectSection(SolutionItems) = preProject
		Ethereum\Contracts\Compile.bat = Ethereum\Contracts\Compile.bat
		Ethereum\Contracts\EthConsoleCommands.txt = Ethereum\Contracts\EthConsoleCommands.txt
		Ethereum\Contracts\EthToken.sol = Ethereum\Contracts\EthToken.sol
		Ethereum\Contracts\Service.sol = Ethereum\Contracts\Service.sol
		Ethereum\Contracts\startgeth.bat = Ethereum\Contracts\startgeth.bat
	EndProjectSection
EndProject
Project("{2150E333-8FDC-42A3-9474-1A3956D46DE8}") = "TestChain", "TestChain", "{66A13365-0FFF-4ACD-ADC7-629D82E440A3}"
	ProjectSection(SolutionItems) = preProject
		Ethereum\Testchain\genesis_dev.json = Ethereum\Testchain\genesis_dev.json
		Ethereum\Testchain\startgeth.bat = Ethereum\Testchain\startgeth.bat
	EndProjectSection
EndProject
Project("{2150E333-8FDC-42A3-9474-1A3956D46DE8}") = "src", "src", "{45FF4477-C80B-43F5-A0D9-BA7CAB661472}"
EndProject
Project("{2150E333-8FDC-42A3-9474-1A3956D46DE8}") = "Fabric", "Fabric", "{37CFC41C-4AA5-47E3-8DE6-9E9886CAD104}"
EndProject
Project("{9A19103F-16F7-4668-BE54-9A1E7A4F7556}") = "Nootus.Fabric.Web.Core", "..\Fabric\src\Nootus.Fabric.Web.Core\Nootus.Fabric.Web.Core.csproj", "{9C8F18DF-9636-447B-B774-13540E0BF6A4}"
EndProject
Project("{9A19103F-16F7-4668-BE54-9A1E7A4F7556}") = "Nootus.Fabric.Web.Security", "..\Fabric\src\Nootus.Fabric.Web.Security\Nootus.Fabric.Web.Security.csproj", "{E626446C-1630-493C-8B70-10595895AD9A}"
EndProject
Project("{9A19103F-16F7-4668-BE54-9A1E7A4F7556}") = "Nootus.Fabric.Web", "..\Fabric\src\Nootus.Fabric.Web\Nootus.Fabric.Web.csproj", "{B063E8D5-5F99-4176-B62A-AD188DB5D75B}"
EndProject
Project("{2150E333-8FDC-42A3-9474-1A3956D46DE8}") = "Stylecop", "Stylecop", "{E27367F8-26FE-4710-A7C4-621172226F25}"
	ProjectSection(SolutionItems) = preProject
		Directory.Build.props = Directory.Build.props
		stylecop.json = stylecop.json
		stylecop.ruleset = stylecop.ruleset
	EndProjectSection
EndProject
Project("{9A19103F-16F7-4668-BE54-9A1E7A4F7556}") = "0xServices.Web.Contract", "src\0xServices.Web.Contract\0xServices.Web.Contract.csproj", "{EAF76F1B-CB69-47D3-A837-CE8D808B3EC1}"
EndProject
Project("{2150E333-8FDC-42A3-9474-1A3956D46DE8}") = "Solution Items", "Solution Items", "{B0F4B455-9A84-4985-A94A-F167A2F6F403}"
	ProjectSection(SolutionItems) = preProject
		.gitignore = .gitignore
	EndProjectSection
EndProject
Project("{9A19103F-16F7-4668-BE54-9A1E7A4F7556}") = "0xServices.Web.Core", "src\0xServices.Web.Core\0xServices.Web.Core.csproj", "{1F0A89F9-2B80-4A94-A930-1064BF6080A5}"
EndProject
Global
	GlobalSection(SolutionConfigurationPlatforms) = preSolution
		Debug|Any CPU = Debug|Any CPU
		Release|Any CPU = Release|Any CPU
	EndGlobalSection
	GlobalSection(ProjectConfigurationPlatforms) = postSolution
		{E6A5CD8E-D5B9-4A7C-905E-8BD2D6D885D7}.Debug|Any CPU.ActiveCfg = Debug|Any CPU
		{E6A5CD8E-D5B9-4A7C-905E-8BD2D6D885D7}.Debug|Any CPU.Build.0 = Debug|Any CPU
		{E6A5CD8E-D5B9-4A7C-905E-8BD2D6D885D7}.Release|Any CPU.ActiveCfg = Release|Any CPU
		{E6A5CD8E-D5B9-4A7C-905E-8BD2D6D885D7}.Release|Any CPU.Build.0 = Release|Any CPU
		{9C8F18DF-9636-447B-B774-13540E0BF6A4}.Debug|Any CPU.ActiveCfg = Debug|Any CPU
		{9C8F18DF-9636-447B-B774-13540E0BF6A4}.Debug|Any CPU.Build.0 = Debug|Any CPU
		{9C8F18DF-9636-447B-B774-13540E0BF6A4}.Release|Any CPU.ActiveCfg = Release|Any CPU
		{9C8F18DF-9636-447B-B774-13540E0BF6A4}.Release|Any CPU.Build.0 = Release|Any CPU
		{E626446C-1630-493C-8B70-10595895AD9A}.Debug|Any CPU.ActiveCfg = Debug|Any CPU
		{E626446C-1630-493C-8B70-10595895AD9A}.Debug|Any CPU.Build.0 = Debug|Any CPU
		{E626446C-1630-493C-8B70-10595895AD9A}.Release|Any CPU.ActiveCfg = Release|Any CPU
		{E626446C-1630-493C-8B70-10595895AD9A}.Release|Any CPU.Build.0 = Release|Any CPU
		{B063E8D5-5F99-4176-B62A-AD188DB5D75B}.Debug|Any CPU.ActiveCfg = Debug|Any CPU
		{B063E8D5-5F99-4176-B62A-AD188DB5D75B}.Debug|Any CPU.Build.0 = Debug|Any CPU
		{B063E8D5-5F99-4176-B62A-AD188DB5D75B}.Release|Any CPU.ActiveCfg = Release|Any CPU
		{B063E8D5-5F99-4176-B62A-AD188DB5D75B}.Release|Any CPU.Build.0 = Release|Any CPU
		{EAF76F1B-CB69-47D3-A837-CE8D808B3EC1}.Debug|Any CPU.ActiveCfg = Debug|Any CPU
		{EAF76F1B-CB69-47D3-A837-CE8D808B3EC1}.Debug|Any CPU.Build.0 = Debug|Any CPU
		{EAF76F1B-CB69-47D3-A837-CE8D808B3EC1}.Release|Any CPU.ActiveCfg = Release|Any CPU
		{EAF76F1B-CB69-47D3-A837-CE8D808B3EC1}.Release|Any CPU.Build.0 = Release|Any CPU
		{1F0A89F9-2B80-4A94-A930-1064BF6080A5}.Debug|Any CPU.ActiveCfg = Debug|Any CPU
		{1F0A89F9-2B80-4A94-A930-1064BF6080A5}.Debug|Any CPU.Build.0 = Debug|Any CPU
		{1F0A89F9-2B80-4A94-A930-1064BF6080A5}.Release|Any CPU.ActiveCfg = Release|Any CPU
		{1F0A89F9-2B80-4A94-A930-1064BF6080A5}.Release|Any CPU.Build.0 = Release|Any CPU
	EndGlobalSection
	GlobalSection(SolutionProperties) = preSolution
		HideSolutionNode = FALSE
	EndGlobalSection
	GlobalSection(NestedProjects) = preSolution
		{E6A5CD8E-D5B9-4A7C-905E-8BD2D6D885D7} = {45FF4477-C80B-43F5-A0D9-BA7CAB661472}
		{3BE6F9AC-E15D-46D1-8E18-F296F1E2EC94} = {A8E31A80-1583-49C5-A0E1-A8DEFA80ABE3}
		{66A13365-0FFF-4ACD-ADC7-629D82E440A3} = {A8E31A80-1583-49C5-A0E1-A8DEFA80ABE3}
		{37CFC41C-4AA5-47E3-8DE6-9E9886CAD104} = {45FF4477-C80B-43F5-A0D9-BA7CAB661472}
		{9C8F18DF-9636-447B-B774-13540E0BF6A4} = {37CFC41C-4AA5-47E3-8DE6-9E9886CAD104}
		{E626446C-1630-493C-8B70-10595895AD9A} = {37CFC41C-4AA5-47E3-8DE6-9E9886CAD104}
		{B063E8D5-5F99-4176-B62A-AD188DB5D75B} = {37CFC41C-4AA5-47E3-8DE6-9E9886CAD104}
		{EAF76F1B-CB69-47D3-A837-CE8D808B3EC1} = {45FF4477-C80B-43F5-A0D9-BA7CAB661472}
		{1F0A89F9-2B80-4A94-A930-1064BF6080A5} = {45FF4477-C80B-43F5-A0D9-BA7CAB661472}
	EndGlobalSection
	GlobalSection(ExtensibilityGlobals) = postSolution
		SolutionGuid = {990A1F0E-04FF-432B-AA0C-07B4B939E9E2}
	EndGlobalSection
EndGlobal
